# THIS IS AN AUTOGENERATED FILE. DO NOT EDIT THIS FILE DIRECTLY.
# yarn lockfile v1


flex-js@^1.0.5:
  version "1.0.5"
  resolved "https://registry.yarnpkg.com/flex-js/-/flex-js-1.0.5.tgz#1b9a3fda1d080e83aed217a9caca01a4d33286c0"
  integrity sha512-Z5uoLzOGtTB/nzaTVVBbwmxOHBzHovAGJHLXE1TUKsQuN1RRWMOWeA08J9RRKtAl9TH9tkaH6fpjA4sLf0DzQw==
